
Microsoft Visual Studio Solution File, Format Version 12.00
# Visual Studio Version 17
VisualStudioVersion = 17.9.34723.18
MinimumVisualStudioVersion = 10.0.40219.1
Project("{9A19103F-16F7-4668-BE54-9A1E7A4F7556}") = "Bialy Kovel", "Bialy Kovel.csproj", "{ED809AC1-8829-481C-B74E-7D7492F2E877}"
EndProject
Global
	GlobalSection(SolutionConfigurationPlatforms) = preSolution
		Debug|Any CPU = Debug|Any CPU
		ExportDebug|Any CPU = ExportDebug|Any CPU
		ExportRelease|Any CPU = ExportRelease|Any CPU
	EndGlobalSection
	GlobalSection(ProjectConfigurationPlatforms) = postSolution
		{ED809AC1-8829-481C-B74E-7D7492F2E877}.Debug|Any CPU.ActiveCfg = Debug|Any CPU
		{ED809AC1-8829-481C-B74E-7D7492F2E877}.Debug|Any CPU.Build.0 = Debug|Any CPU
		{ED809AC1-8829-481C-B74E-7D7492F2E877}.ExportDebug|Any CPU.ActiveCfg = ExportDebug|Any CPU
		{ED809AC1-8829-481C-B74E-7D7492F2E877}.ExportDebug|Any CPU.Build.0 = ExportDebug|Any CPU
		{ED809AC1-8829-481C-B74E-7D7492F2E877}.ExportRelease|Any CPU.ActiveCfg = ExportRelease|Any CPU
		{ED809AC1-8829-481C-B74E-7D7492F2E877}.ExportRelease|Any CPU.Build.0 = ExportRelease|Any CPU
	EndGlobalSection
	GlobalSection(SolutionProperties) = preSolution
		HideSolutionNode = FALSE
	EndGlobalSection
	GlobalSection(ExtensibilityGlobals) = postSolution
		SolutionGuid = {3D181DCB-3E36-4F47-8156-736FA400E955}
	EndGlobalSection
EndGlobal
